
Microsoft Visual Studio Solution File, Format Version 12.00
# Visual Studio Version 16
VisualStudioVersion = 16.0.32428.217
MinimumVisualStudioVersion = 10.0.40219.1
Project("{FAE04EC0-301F-11D3-BF4B-00C04F79EFBC}") = "MyProjectSm", "MyProjectSm.csproj", "{B8A0E1A8-08D5-4094-8CAA-52AC9729F0A8}"
EndProject
Global
	GlobalSection(SolutionConfigurationPlatforms) = preSolution
		Debug|Any CPU = Debug|Any CPU
		Release|Any CPU = Release|Any CPU
	EndGlobalSection
	GlobalSection(ProjectConfigurationPlatforms) = postSolution
		{B8A0E1A8-08D5-4094-8CAA-52AC9729F0A8}.Debug|Any CPU.ActiveCfg = Debug|Any CPU
		{B8A0E1A8-08D5-4094-8CAA-52AC9729F0A8}.Debug|Any CPU.Build.0 = Debug|Any CPU
		{B8A0E1A8-08D5-4094-8CAA-52AC9729F0A8}.Release|Any CPU.ActiveCfg = Release|Any CPU
		{B8A0E1A8-08D5-4094-8CAA-52AC9729F0A8}.Release|Any CPU.Build.0 = Release|Any CPU
	EndGlobalSection
	GlobalSection(SolutionProperties) = preSolution
		HideSolutionNode = FALSE
	EndGlobalSection
	GlobalSection(ExtensibilityGlobals) = postSolution
		SolutionGuid = {3E8AD7E0-CAB0-480C-8597-405418BCBC5D}
	EndGlobalSection
EndGlobal
